
Microsoft Visual Studio Solution File, Format Version 12.00
# Visual Studio 15
VisualStudioVersion = 15.0.28010.2036
MinimumVisualStudioVersion = 10.0.40219.1
Project("{FAE04EC0-301F-11D3-BF4B-00C04F79EFBC}") = "Clase2", "Clase2.csproj", "{4A891DF5-B45C-4B3A-A5C7-F93E7384F4D6}"
EndProject
Global
	GlobalSection(SolutionConfigurationPlatforms) = preSolution
		Debug|Any CPU = Debug|Any CPU
		Release|Any CPU = Release|Any CPU
	EndGlobalSection
	GlobalSection(ProjectConfigurationPlatforms) = postSolution
		{4A891DF5-B45C-4B3A-A5C7-F93E7384F4D6}.Debug|Any CPU.ActiveCfg = Debug|Any CPU
		{4A891DF5-B45C-4B3A-A5C7-F93E7384F4D6}.Debug|Any CPU.Build.0 = Debug|Any CPU
		{4A891DF5-B45C-4B3A-A5C7-F93E7384F4D6}.Release|Any CPU.ActiveCfg = Release|Any CPU
		{4A891DF5-B45C-4B3A-A5C7-F93E7384F4D6}.Release|Any CPU.Build.0 = Release|Any CPU
	EndGlobalSection
	GlobalSection(SolutionProperties) = preSolution
		HideSolutionNode = FALSE
	EndGlobalSection
	GlobalSection(ExtensibilityGlobals) = postSolution
		SolutionGuid = {57A76A26-9DC3-4A77-AC7C-819227F54D33}
	EndGlobalSection
EndGlobal
