
Microsoft Visual Studio Solution File, Format Version 12.00
# Visual Studio 15
VisualStudioVersion = 15.0.28010.2036
MinimumVisualStudioVersion = 10.0.40219.1
Project("{FAE04EC0-301F-11D3-BF4B-00C04F79EFBC}") = "Libreria", "Libreria.csproj", "{34E7C7E0-9C32-4901-8EBF-A8F0C9293327}"
EndProject
Global
	GlobalSection(SolutionConfigurationPlatforms) = preSolution
		Debug|Any CPU = Debug|Any CPU
		Release|Any CPU = Release|Any CPU
	EndGlobalSection
	GlobalSection(ProjectConfigurationPlatforms) = postSolution
		{34E7C7E0-9C32-4901-8EBF-A8F0C9293327}.Debug|Any CPU.ActiveCfg = Debug|Any CPU
		{34E7C7E0-9C32-4901-8EBF-A8F0C9293327}.Debug|Any CPU.Build.0 = Debug|Any CPU
		{34E7C7E0-9C32-4901-8EBF-A8F0C9293327}.Release|Any CPU.ActiveCfg = Release|Any CPU
		{34E7C7E0-9C32-4901-8EBF-A8F0C9293327}.Release|Any CPU.Build.0 = Release|Any CPU
	EndGlobalSection
	GlobalSection(SolutionProperties) = preSolution
		HideSolutionNode = FALSE
	EndGlobalSection
	GlobalSection(ExtensibilityGlobals) = postSolution
		SolutionGuid = {8E4431F4-01D4-437F-9F4A-6879BAA1C05E}
	EndGlobalSection
EndGlobal
